
Microsoft Visual Studio Solution File, Format Version 12.00
# Visual Studio 15
VisualStudioVersion = 15.0.27130.2024
MinimumVisualStudioVersion = 10.0.40219.1
Project("{FAE04EC0-301F-11D3-BF4B-00C04F79EFBC}") = "FinalTest", "FinalTest\FinalTest.csproj", "{7BC8DB60-2E9F-461B-AC50-D33A9C9A4A7D}"
EndProject
Project("{FAE04EC0-301F-11D3-BF4B-00C04F79EFBC}") = "FinalTest.Tests", "FinalTest.Tests\FinalTest.Tests.csproj", "{376D0D83-5427-4B47-9930-D74D5FD3C6BF}"
EndProject
Global
	GlobalSection(SolutionConfigurationPlatforms) = preSolution
		Debug|Any CPU = Debug|Any CPU
		Release|Any CPU = Release|Any CPU
	EndGlobalSection
	GlobalSection(ProjectConfigurationPlatforms) = postSolution
		{7BC8DB60-2E9F-461B-AC50-D33A9C9A4A7D}.Debug|Any CPU.ActiveCfg = Debug|Any CPU
		{7BC8DB60-2E9F-461B-AC50-D33A9C9A4A7D}.Debug|Any CPU.Build.0 = Debug|Any CPU
		{7BC8DB60-2E9F-461B-AC50-D33A9C9A4A7D}.Release|Any CPU.ActiveCfg = Release|Any CPU
		{7BC8DB60-2E9F-461B-AC50-D33A9C9A4A7D}.Release|Any CPU.Build.0 = Release|Any CPU
		{376D0D83-5427-4B47-9930-D74D5FD3C6BF}.Debug|Any CPU.ActiveCfg = Debug|Any CPU
		{376D0D83-5427-4B47-9930-D74D5FD3C6BF}.Debug|Any CPU.Build.0 = Debug|Any CPU
		{376D0D83-5427-4B47-9930-D74D5FD3C6BF}.Release|Any CPU.ActiveCfg = Release|Any CPU
		{376D0D83-5427-4B47-9930-D74D5FD3C6BF}.Release|Any CPU.Build.0 = Release|Any CPU
	EndGlobalSection
	GlobalSection(SolutionProperties) = preSolution
		HideSolutionNode = FALSE
	EndGlobalSection
	GlobalSection(ExtensibilityGlobals) = postSolution
		SolutionGuid = {4C55022D-CE47-46B8-B6D3-75B0180A2671}
	EndGlobalSection
EndGlobal
